
Microsoft Visual Studio Solution File, Format Version 12.00
# Visual Studio Version 17
VisualStudioVersion = 17.4.33110.190
MinimumVisualStudioVersion = 10.0.40219.1
Project("{2150E333-8FDC-42A3-9474-1A3956D46DE8}") = "Services", "Services", "{ACBF9145-AC6D-487B-B041-9A225423E8F3}"
EndProject
Project("{2150E333-8FDC-42A3-9474-1A3956D46DE8}") = "Catalog", "Catalog", "{7DFB056D-41B3-4D04-8DDE-A9F8345CC225}"
EndProject
Project("{9A19103F-16F7-4668-BE54-9A1E7A4F7556}") = "Catalog.Api", "Services\Catalog\Catalog.Api\Catalog.Api.csproj", "{A77246DD-4059-45F8-80BC-C373BCB8B078}"
EndProject
Project("{E53339B2-1760-4266-BCC7-CA923CBCF16C}") = "docker-compose", "docker-compose.dcproj", "{F9DD5F32-7F7C-4B51-AEEE-C3AD54C380BF}"
EndProject
Project("{2150E333-8FDC-42A3-9474-1A3956D46DE8}") = "Basket", "Basket", "{EF119501-D0E8-46DF-A6CC-3A56CA12C365}"
EndProject
Project("{FAE04EC0-301F-11D3-BF4B-00C04F79EFBC}") = "Basket.Api", "Services\Basket\Basket.Api\Basket.Api.csproj", "{8E295590-B095-4B6B-AD53-2F256FB6D1F8}"
EndProject
Global
	GlobalSection(SolutionConfigurationPlatforms) = preSolution
		Debug|Any CPU = Debug|Any CPU
		Release|Any CPU = Release|Any CPU
	EndGlobalSection
	GlobalSection(ProjectConfigurationPlatforms) = postSolution
		{A77246DD-4059-45F8-80BC-C373BCB8B078}.Debug|Any CPU.ActiveCfg = Debug|Any CPU
		{A77246DD-4059-45F8-80BC-C373BCB8B078}.Debug|Any CPU.Build.0 = Debug|Any CPU
		{A77246DD-4059-45F8-80BC-C373BCB8B078}.Release|Any CPU.ActiveCfg = Release|Any CPU
		{A77246DD-4059-45F8-80BC-C373BCB8B078}.Release|Any CPU.Build.0 = Release|Any CPU
		{F9DD5F32-7F7C-4B51-AEEE-C3AD54C380BF}.Debug|Any CPU.ActiveCfg = Debug|Any CPU
		{F9DD5F32-7F7C-4B51-AEEE-C3AD54C380BF}.Debug|Any CPU.Build.0 = Debug|Any CPU
		{F9DD5F32-7F7C-4B51-AEEE-C3AD54C380BF}.Release|Any CPU.ActiveCfg = Release|Any CPU
		{F9DD5F32-7F7C-4B51-AEEE-C3AD54C380BF}.Release|Any CPU.Build.0 = Release|Any CPU
		{8E295590-B095-4B6B-AD53-2F256FB6D1F8}.Debug|Any CPU.ActiveCfg = Debug|Any CPU
		{8E295590-B095-4B6B-AD53-2F256FB6D1F8}.Debug|Any CPU.Build.0 = Debug|Any CPU
		{8E295590-B095-4B6B-AD53-2F256FB6D1F8}.Release|Any CPU.ActiveCfg = Release|Any CPU
		{8E295590-B095-4B6B-AD53-2F256FB6D1F8}.Release|Any CPU.Build.0 = Release|Any CPU
	EndGlobalSection
	GlobalSection(SolutionProperties) = preSolution
		HideSolutionNode = FALSE
	EndGlobalSection
	GlobalSection(NestedProjects) = preSolution
		{7DFB056D-41B3-4D04-8DDE-A9F8345CC225} = {ACBF9145-AC6D-487B-B041-9A225423E8F3}
		{A77246DD-4059-45F8-80BC-C373BCB8B078} = {7DFB056D-41B3-4D04-8DDE-A9F8345CC225}
		{EF119501-D0E8-46DF-A6CC-3A56CA12C365} = {ACBF9145-AC6D-487B-B041-9A225423E8F3}
		{8E295590-B095-4B6B-AD53-2F256FB6D1F8} = {EF119501-D0E8-46DF-A6CC-3A56CA12C365}
	EndGlobalSection
	GlobalSection(ExtensibilityGlobals) = postSolution
		SolutionGuid = {7B3F7285-DACB-456A-B31A-DDD9D3E43915}
	EndGlobalSection
EndGlobal
