
Microsoft Visual Studio Solution File, Format Version 12.00
# Visual Studio Version 17
VisualStudioVersion = 17.4.33110.190
MinimumVisualStudioVersion = 10.0.40219.1
Project("{2150E333-8FDC-42A3-9474-1A3956D46DE8}") = "Services", "Services", "{ACBF9145-AC6D-487B-B041-9A225423E8F3}"
EndProject
Project("{2150E333-8FDC-42A3-9474-1A3956D46DE8}") = "Catalog", "Catalog", "{7DFB056D-41B3-4D04-8DDE-A9F8345CC225}"
EndProject
Project("{9A19103F-16F7-4668-BE54-9A1E7A4F7556}") = "Catalog.Api", "Services\Catalog\Catalog.Api\Catalog.Api.csproj", "{A77246DD-4059-45F8-80BC-C373BCB8B078}"
EndProject
Project("{E53339B2-1760-4266-BCC7-CA923CBCF16C}") = "docker-compose", "docker-compose.dcproj", "{F9DD5F32-7F7C-4B51-AEEE-C3AD54C380BF}"
EndProject
Project("{2150E333-8FDC-42A3-9474-1A3956D46DE8}") = "Basket", "Basket", "{EF119501-D0E8-46DF-A6CC-3A56CA12C365}"
EndProject
Project("{9A19103F-16F7-4668-BE54-9A1E7A4F7556}") = "Basket.Api", "Services\Basket\Basket.Api\Basket.Api.csproj", "{8E295590-B095-4B6B-AD53-2F256FB6D1F8}"
EndProject
Project("{2150E333-8FDC-42A3-9474-1A3956D46DE8}") = "Discount", "Discount", "{7CFA7B81-4652-488C-8ED1-C569AE3C3842}"
EndProject
Project("{9A19103F-16F7-4668-BE54-9A1E7A4F7556}") = "Discount.Api", "Services\Discount\Discount.Api\Discount.Api.csproj", "{BEA8C451-C216-44FF-BF29-30E570DE7780}"
EndProject
Project("{9A19103F-16F7-4668-BE54-9A1E7A4F7556}") = "Discount.Grpc", "Services\Discount\Discount.Grpc\Discount.Grpc.csproj", "{F465264E-88D2-4CC6-9858-3E8C59DD0D8A}"
EndProject
Project("{2150E333-8FDC-42A3-9474-1A3956D46DE8}") = "Ordering", "Ordering", "{1400751C-C750-4EC6-8121-26A08ED66BAC}"
EndProject
Project("{9A19103F-16F7-4668-BE54-9A1E7A4F7556}") = "Ordering.Api", "Services\Ordering\Ordering.Api\Ordering.Api.csproj", "{40C265EA-DE5A-411E-B6B0-FE35280DCD45}"
EndProject
Project("{9A19103F-16F7-4668-BE54-9A1E7A4F7556}") = "Ordering.Domain", "Services\Ordering\Ordering.Domain\Ordering.Domain.csproj", "{A6142A1D-14F6-4A0F-8F4A-EEA8BC8DC5DF}"
EndProject
Project("{9A19103F-16F7-4668-BE54-9A1E7A4F7556}") = "Ordering.Infrastructure", "Services\Ordering\Ordering.Infrastructure\Ordering.Infrastructure.csproj", "{2EBA7A16-06DC-4955-9A59-BF378EEF8362}"
EndProject
Project("{9A19103F-16F7-4668-BE54-9A1E7A4F7556}") = "Ordering.Application", "Services\Ordering\Ordering.Application\Ordering.Application.csproj", "{D9DAD47E-60AB-44F8-874A-53839B0826FD}"
EndProject
Project("{2150E333-8FDC-42A3-9474-1A3956D46DE8}") = "BuildingBlocks", "BuildingBlocks", "{D8A2FB55-3FB1-420A-9953-3BFF03BE25EB}"
EndProject
Project("{9A19103F-16F7-4668-BE54-9A1E7A4F7556}") = "EventBus.Messages", "BuildingBlocks\EventBus.Messages\EventBus.Messages.csproj", "{7E54C94C-3837-4924-8859-6176DB1779F4}"
EndProject
Project("{2150E333-8FDC-42A3-9474-1A3956D46DE8}") = "ApiGateways", "ApiGateways", "{7D0805A8-F8FF-4AD6-970A-A14E5D9EE490}"
EndProject
Project("{9A19103F-16F7-4668-BE54-9A1E7A4F7556}") = "OcelotApiGateway", "ApiGateways\OcelotApiGateway\OcelotApiGateway.csproj", "{9CEB9C85-AAFC-4AE4-AC70-3262BD5CD36E}"
EndProject
Project("{9A19103F-16F7-4668-BE54-9A1E7A4F7556}") = "Shopping.Aggregator", "ApiGateways\Shopping.Aggregator\Shopping.Aggregator.csproj", "{AF69D3A1-140E-42DC-BFE0-DBE2ED6F1529}"
EndProject
Project("{2150E333-8FDC-42A3-9474-1A3956D46DE8}") = "WebApps", "WebApps", "{51077382-5E80-4347-9990-05ED73A32D38}"
EndProject
Project("{9A19103F-16F7-4668-BE54-9A1E7A4F7556}") = "AspnetRunBasics", "WebApps\AspnetRunBasics\AspnetRunBasics.csproj", "{BACC3157-A3CB-441F-93B3-E8D42C29C067}"
EndProject
Global
	GlobalSection(SolutionConfigurationPlatforms) = preSolution
		Debug|Any CPU = Debug|Any CPU
		Release|Any CPU = Release|Any CPU
	EndGlobalSection
	GlobalSection(ProjectConfigurationPlatforms) = postSolution
		{A77246DD-4059-45F8-80BC-C373BCB8B078}.Debug|Any CPU.ActiveCfg = Debug|Any CPU
		{A77246DD-4059-45F8-80BC-C373BCB8B078}.Debug|Any CPU.Build.0 = Debug|Any CPU
		{A77246DD-4059-45F8-80BC-C373BCB8B078}.Release|Any CPU.ActiveCfg = Release|Any CPU
		{A77246DD-4059-45F8-80BC-C373BCB8B078}.Release|Any CPU.Build.0 = Release|Any CPU
		{F9DD5F32-7F7C-4B51-AEEE-C3AD54C380BF}.Debug|Any CPU.ActiveCfg = Debug|Any CPU
		{F9DD5F32-7F7C-4B51-AEEE-C3AD54C380BF}.Debug|Any CPU.Build.0 = Debug|Any CPU
		{F9DD5F32-7F7C-4B51-AEEE-C3AD54C380BF}.Release|Any CPU.ActiveCfg = Release|Any CPU
		{F9DD5F32-7F7C-4B51-AEEE-C3AD54C380BF}.Release|Any CPU.Build.0 = Release|Any CPU
		{8E295590-B095-4B6B-AD53-2F256FB6D1F8}.Debug|Any CPU.ActiveCfg = Debug|Any CPU
		{8E295590-B095-4B6B-AD53-2F256FB6D1F8}.Debug|Any CPU.Build.0 = Debug|Any CPU
		{8E295590-B095-4B6B-AD53-2F256FB6D1F8}.Release|Any CPU.ActiveCfg = Release|Any CPU
		{8E295590-B095-4B6B-AD53-2F256FB6D1F8}.Release|Any CPU.Build.0 = Release|Any CPU
		{BEA8C451-C216-44FF-BF29-30E570DE7780}.Debug|Any CPU.ActiveCfg = Debug|Any CPU
		{BEA8C451-C216-44FF-BF29-30E570DE7780}.Debug|Any CPU.Build.0 = Debug|Any CPU
		{BEA8C451-C216-44FF-BF29-30E570DE7780}.Release|Any CPU.ActiveCfg = Release|Any CPU
		{BEA8C451-C216-44FF-BF29-30E570DE7780}.Release|Any CPU.Build.0 = Release|Any CPU
		{F465264E-88D2-4CC6-9858-3E8C59DD0D8A}.Debug|Any CPU.ActiveCfg = Debug|Any CPU
		{F465264E-88D2-4CC6-9858-3E8C59DD0D8A}.Debug|Any CPU.Build.0 = Debug|Any CPU
		{F465264E-88D2-4CC6-9858-3E8C59DD0D8A}.Release|Any CPU.ActiveCfg = Release|Any CPU
		{F465264E-88D2-4CC6-9858-3E8C59DD0D8A}.Release|Any CPU.Build.0 = Release|Any CPU
		{40C265EA-DE5A-411E-B6B0-FE35280DCD45}.Debug|Any CPU.ActiveCfg = Debug|Any CPU
		{40C265EA-DE5A-411E-B6B0-FE35280DCD45}.Debug|Any CPU.Build.0 = Debug|Any CPU
		{40C265EA-DE5A-411E-B6B0-FE35280DCD45}.Release|Any CPU.ActiveCfg = Release|Any CPU
		{40C265EA-DE5A-411E-B6B0-FE35280DCD45}.Release|Any CPU.Build.0 = Release|Any CPU
		{A6142A1D-14F6-4A0F-8F4A-EEA8BC8DC5DF}.Debug|Any CPU.ActiveCfg = Debug|Any CPU
		{A6142A1D-14F6-4A0F-8F4A-EEA8BC8DC5DF}.Debug|Any CPU.Build.0 = Debug|Any CPU
		{A6142A1D-14F6-4A0F-8F4A-EEA8BC8DC5DF}.Release|Any CPU.ActiveCfg = Release|Any CPU
		{A6142A1D-14F6-4A0F-8F4A-EEA8BC8DC5DF}.Release|Any CPU.Build.0 = Release|Any CPU
		{2EBA7A16-06DC-4955-9A59-BF378EEF8362}.Debug|Any CPU.ActiveCfg = Debug|Any CPU
		{2EBA7A16-06DC-4955-9A59-BF378EEF8362}.Debug|Any CPU.Build.0 = Debug|Any CPU
		{2EBA7A16-06DC-4955-9A59-BF378EEF8362}.Release|Any CPU.ActiveCfg = Release|Any CPU
		{2EBA7A16-06DC-4955-9A59-BF378EEF8362}.Release|Any CPU.Build.0 = Release|Any CPU
		{D9DAD47E-60AB-44F8-874A-53839B0826FD}.Debug|Any CPU.ActiveCfg = Debug|Any CPU
		{D9DAD47E-60AB-44F8-874A-53839B0826FD}.Debug|Any CPU.Build.0 = Debug|Any CPU
		{D9DAD47E-60AB-44F8-874A-53839B0826FD}.Release|Any CPU.ActiveCfg = Release|Any CPU
		{D9DAD47E-60AB-44F8-874A-53839B0826FD}.Release|Any CPU.Build.0 = Release|Any CPU
		{7E54C94C-3837-4924-8859-6176DB1779F4}.Debug|Any CPU.ActiveCfg = Debug|Any CPU
		{7E54C94C-3837-4924-8859-6176DB1779F4}.Debug|Any CPU.Build.0 = Debug|Any CPU
		{7E54C94C-3837-4924-8859-6176DB1779F4}.Release|Any CPU.ActiveCfg = Release|Any CPU
		{7E54C94C-3837-4924-8859-6176DB1779F4}.Release|Any CPU.Build.0 = Release|Any CPU
		{9CEB9C85-AAFC-4AE4-AC70-3262BD5CD36E}.Debug|Any CPU.ActiveCfg = Debug|Any CPU
		{9CEB9C85-AAFC-4AE4-AC70-3262BD5CD36E}.Debug|Any CPU.Build.0 = Debug|Any CPU
		{9CEB9C85-AAFC-4AE4-AC70-3262BD5CD36E}.Release|Any CPU.ActiveCfg = Release|Any CPU
		{9CEB9C85-AAFC-4AE4-AC70-3262BD5CD36E}.Release|Any CPU.Build.0 = Release|Any CPU
		{AF69D3A1-140E-42DC-BFE0-DBE2ED6F1529}.Debug|Any CPU.ActiveCfg = Debug|Any CPU
		{AF69D3A1-140E-42DC-BFE0-DBE2ED6F1529}.Debug|Any CPU.Build.0 = Debug|Any CPU
		{AF69D3A1-140E-42DC-BFE0-DBE2ED6F1529}.Release|Any CPU.ActiveCfg = Release|Any CPU
		{AF69D3A1-140E-42DC-BFE0-DBE2ED6F1529}.Release|Any CPU.Build.0 = Release|Any CPU
		{BACC3157-A3CB-441F-93B3-E8D42C29C067}.Debug|Any CPU.ActiveCfg = Debug|Any CPU
		{BACC3157-A3CB-441F-93B3-E8D42C29C067}.Debug|Any CPU.Build.0 = Debug|Any CPU
		{BACC3157-A3CB-441F-93B3-E8D42C29C067}.Release|Any CPU.ActiveCfg = Release|Any CPU
		{BACC3157-A3CB-441F-93B3-E8D42C29C067}.Release|Any CPU.Build.0 = Release|Any CPU
	EndGlobalSection
	GlobalSection(SolutionProperties) = preSolution
		HideSolutionNode = FALSE
	EndGlobalSection
	GlobalSection(NestedProjects) = preSolution
		{7DFB056D-41B3-4D04-8DDE-A9F8345CC225} = {ACBF9145-AC6D-487B-B041-9A225423E8F3}
		{A77246DD-4059-45F8-80BC-C373BCB8B078} = {7DFB056D-41B3-4D04-8DDE-A9F8345CC225}
		{EF119501-D0E8-46DF-A6CC-3A56CA12C365} = {ACBF9145-AC6D-487B-B041-9A225423E8F3}
		{8E295590-B095-4B6B-AD53-2F256FB6D1F8} = {EF119501-D0E8-46DF-A6CC-3A56CA12C365}
		{7CFA7B81-4652-488C-8ED1-C569AE3C3842} = {ACBF9145-AC6D-487B-B041-9A225423E8F3}
		{BEA8C451-C216-44FF-BF29-30E570DE7780} = {7CFA7B81-4652-488C-8ED1-C569AE3C3842}
		{F465264E-88D2-4CC6-9858-3E8C59DD0D8A} = {7CFA7B81-4652-488C-8ED1-C569AE3C3842}
		{1400751C-C750-4EC6-8121-26A08ED66BAC} = {ACBF9145-AC6D-487B-B041-9A225423E8F3}
		{40C265EA-DE5A-411E-B6B0-FE35280DCD45} = {1400751C-C750-4EC6-8121-26A08ED66BAC}
		{A6142A1D-14F6-4A0F-8F4A-EEA8BC8DC5DF} = {1400751C-C750-4EC6-8121-26A08ED66BAC}
		{2EBA7A16-06DC-4955-9A59-BF378EEF8362} = {1400751C-C750-4EC6-8121-26A08ED66BAC}
		{D9DAD47E-60AB-44F8-874A-53839B0826FD} = {1400751C-C750-4EC6-8121-26A08ED66BAC}
		{7E54C94C-3837-4924-8859-6176DB1779F4} = {D8A2FB55-3FB1-420A-9953-3BFF03BE25EB}
		{9CEB9C85-AAFC-4AE4-AC70-3262BD5CD36E} = {7D0805A8-F8FF-4AD6-970A-A14E5D9EE490}
		{AF69D3A1-140E-42DC-BFE0-DBE2ED6F1529} = {7D0805A8-F8FF-4AD6-970A-A14E5D9EE490}
		{BACC3157-A3CB-441F-93B3-E8D42C29C067} = {51077382-5E80-4347-9990-05ED73A32D38}
	EndGlobalSection
	GlobalSection(ExtensibilityGlobals) = postSolution
		SolutionGuid = {7B3F7285-DACB-456A-B31A-DDD9D3E43915}
	EndGlobalSection
EndGlobal
